
Microsoft Visual Studio Solution File, Format Version 12.00
Project("{2150E333-8FDC-42A3-9474-1A3956D46DE8}") = "Customers", "Customers", "{EF559E99-4271-420C-ADAA-0CD7CB954B75}"
EndProject
Project("{2150E333-8FDC-42A3-9474-1A3956D46DE8}") = "Orders", "Orders", "{FAD362DF-72D6-42EA-ABBB-76F6F31FA320}"
EndProject
Project("{2150E333-8FDC-42A3-9474-1A3956D46DE8}") = "Books", "Books", "{0322199C-58E0-4A65-B5DE-A1E2F3FC4156}"
EndProject
Project("{2150E333-8FDC-42A3-9474-1A3956D46DE8}") = "2-Service", "2-Service", "{2A81DF72-67B4-44D2-A9AF-10451DBF0741}"
EndProject
Project("{2150E333-8FDC-42A3-9474-1A3956D46DE8}") = "3-Domain", "3-Domain", "{62FA738B-CF87-4D17-AE24-285878AC1FF3}"
EndProject
Project("{2150E333-8FDC-42A3-9474-1A3956D46DE8}") = "4-Repository", "4-Repository", "{DD2F14FF-F8C2-4C81-936B-198287AF6F07}"
EndProject
Project("{2150E333-8FDC-42A3-9474-1A3956D46DE8}") = "5-Infra", "5-Infra", "{9EE3F2DB-A20D-4FE0-9642-94DFB203353F}"
EndProject
Project("{2150E333-8FDC-42A3-9474-1A3956D46DE8}") = "1-API", "1-API", "{A46D5891-2D10-45BA-BB97-DB0A74589FDF}"
EndProject
Project("{2150E333-8FDC-42A3-9474-1A3956D46DE8}") = "2-Service", "2-Service", "{16A78B3D-3D58-498B-B7CD-1ABA09E0E10C}"
EndProject
Project("{2150E333-8FDC-42A3-9474-1A3956D46DE8}") = "3-Domain", "3-Domain", "{7E35D107-10C2-4760-9F8C-57B536A550BF}"
EndProject
Project("{2150E333-8FDC-42A3-9474-1A3956D46DE8}") = "4-Repository", "4-Repository", "{7D6D4A5B-1784-4147-A04E-129008C03F58}"
EndProject
Project("{2150E333-8FDC-42A3-9474-1A3956D46DE8}") = "5-Infra", "5-Infra", "{7FC1FC6E-B1E6-4BE8-B96E-376DE7CC94BF}"
EndProject
Project("{2150E333-8FDC-42A3-9474-1A3956D46DE8}") = "1-API", "1-API", "{71B29F3A-5FF2-4FAE-BC05-C2B2EB64765A}"
EndProject
Project("{FAE04EC0-301F-11D3-BF4B-00C04F79EFBC}") = "Book.Service", "Book.Service\Book.Service.csproj", "{6AB533D9-6567-4A77-B3CE-287C6CF89406}"
EndProject
Project("{FAE04EC0-301F-11D3-BF4B-00C04F79EFBC}") = "Book.Domain", "Book.Domain\Book.Domain.csproj", "{468BCB81-BE23-4DA6-8706-B391595DFE74}"
EndProject
Project("{FAE04EC0-301F-11D3-BF4B-00C04F79EFBC}") = "Book.Repository", "Book.Repository\Book.Repository.csproj", "{D2A2FC33-7281-4235-AD5A-31130582E4DF}"
EndProject
Project("{FAE04EC0-301F-11D3-BF4B-00C04F79EFBC}") = "Book.API", "Book.API\Book.API.csproj", "{4B3E4007-3100-43AF-98B2-E9F7BBFB10DD}"
EndProject
Project("{FAE04EC0-301F-11D3-BF4B-00C04F79EFBC}") = "Book.Client", "Book.Client\Book.Client.csproj", "{14C47811-7603-4655-A457-0C985C39D942}"
EndProject
Project("{FAE04EC0-301F-11D3-BF4B-00C04F79EFBC}") = "Book.Infra.CrossCutting", "Book.Infra.CrossCutting\Book.Infra.CrossCutting.csproj", "{0574CA0F-8B35-4BBC-9B31-1BD6741E63ED}"
EndProject
Project("{2150E333-8FDC-42A3-9474-1A3956D46DE8}") = "6-Tests", "6-Tests", "{DBFAEDCB-C499-4842-B69D-35F4224C07B1}"
EndProject
Project("{FAE04EC0-301F-11D3-BF4B-00C04F79EFBC}") = "Book.IntegrationTest", "Book.IntegrationTest\Book.IntegrationTest.csproj", "{10C2E53C-AEB3-4C1D-B1B2-D46BC2B8ACDF}"
EndProject
Global
	GlobalSection(SolutionConfigurationPlatforms) = preSolution
		Debug|Any CPU = Debug|Any CPU
		Release|Any CPU = Release|Any CPU
	EndGlobalSection
	GlobalSection(NestedProjects) = preSolution
		{2A81DF72-67B4-44D2-A9AF-10451DBF0741} = {0322199C-58E0-4A65-B5DE-A1E2F3FC4156}
		{62FA738B-CF87-4D17-AE24-285878AC1FF3} = {0322199C-58E0-4A65-B5DE-A1E2F3FC4156}
		{DD2F14FF-F8C2-4C81-936B-198287AF6F07} = {0322199C-58E0-4A65-B5DE-A1E2F3FC4156}
		{9EE3F2DB-A20D-4FE0-9642-94DFB203353F} = {0322199C-58E0-4A65-B5DE-A1E2F3FC4156}
		{A46D5891-2D10-45BA-BB97-DB0A74589FDF} = {EF559E99-4271-420C-ADAA-0CD7CB954B75}
		{16A78B3D-3D58-498B-B7CD-1ABA09E0E10C} = {EF559E99-4271-420C-ADAA-0CD7CB954B75}
		{7E35D107-10C2-4760-9F8C-57B536A550BF} = {EF559E99-4271-420C-ADAA-0CD7CB954B75}
		{7D6D4A5B-1784-4147-A04E-129008C03F58} = {EF559E99-4271-420C-ADAA-0CD7CB954B75}
		{7FC1FC6E-B1E6-4BE8-B96E-376DE7CC94BF} = {EF559E99-4271-420C-ADAA-0CD7CB954B75}
		{71B29F3A-5FF2-4FAE-BC05-C2B2EB64765A} = {0322199C-58E0-4A65-B5DE-A1E2F3FC4156}
		{6AB533D9-6567-4A77-B3CE-287C6CF89406} = {2A81DF72-67B4-44D2-A9AF-10451DBF0741}
		{468BCB81-BE23-4DA6-8706-B391595DFE74} = {62FA738B-CF87-4D17-AE24-285878AC1FF3}
		{D2A2FC33-7281-4235-AD5A-31130582E4DF} = {DD2F14FF-F8C2-4C81-936B-198287AF6F07}
		{4B3E4007-3100-43AF-98B2-E9F7BBFB10DD} = {71B29F3A-5FF2-4FAE-BC05-C2B2EB64765A}
		{14C47811-7603-4655-A457-0C985C39D942} = {2A81DF72-67B4-44D2-A9AF-10451DBF0741}
		{0574CA0F-8B35-4BBC-9B31-1BD6741E63ED} = {9EE3F2DB-A20D-4FE0-9642-94DFB203353F}
		{DBFAEDCB-C499-4842-B69D-35F4224C07B1} = {0322199C-58E0-4A65-B5DE-A1E2F3FC4156}
		{10C2E53C-AEB3-4C1D-B1B2-D46BC2B8ACDF} = {DBFAEDCB-C499-4842-B69D-35F4224C07B1}
	EndGlobalSection
	GlobalSection(ProjectConfigurationPlatforms) = postSolution
		{6AB533D9-6567-4A77-B3CE-287C6CF89406}.Debug|Any CPU.ActiveCfg = Debug|Any CPU
		{6AB533D9-6567-4A77-B3CE-287C6CF89406}.Debug|Any CPU.Build.0 = Debug|Any CPU
		{6AB533D9-6567-4A77-B3CE-287C6CF89406}.Release|Any CPU.ActiveCfg = Release|Any CPU
		{6AB533D9-6567-4A77-B3CE-287C6CF89406}.Release|Any CPU.Build.0 = Release|Any CPU
		{468BCB81-BE23-4DA6-8706-B391595DFE74}.Debug|Any CPU.ActiveCfg = Debug|Any CPU
		{468BCB81-BE23-4DA6-8706-B391595DFE74}.Debug|Any CPU.Build.0 = Debug|Any CPU
		{468BCB81-BE23-4DA6-8706-B391595DFE74}.Release|Any CPU.ActiveCfg = Release|Any CPU
		{468BCB81-BE23-4DA6-8706-B391595DFE74}.Release|Any CPU.Build.0 = Release|Any CPU
		{D2A2FC33-7281-4235-AD5A-31130582E4DF}.Debug|Any CPU.ActiveCfg = Debug|Any CPU
		{D2A2FC33-7281-4235-AD5A-31130582E4DF}.Debug|Any CPU.Build.0 = Debug|Any CPU
		{D2A2FC33-7281-4235-AD5A-31130582E4DF}.Release|Any CPU.ActiveCfg = Release|Any CPU
		{D2A2FC33-7281-4235-AD5A-31130582E4DF}.Release|Any CPU.Build.0 = Release|Any CPU
		{4B3E4007-3100-43AF-98B2-E9F7BBFB10DD}.Debug|Any CPU.ActiveCfg = Debug|Any CPU
		{4B3E4007-3100-43AF-98B2-E9F7BBFB10DD}.Debug|Any CPU.Build.0 = Debug|Any CPU
		{4B3E4007-3100-43AF-98B2-E9F7BBFB10DD}.Release|Any CPU.ActiveCfg = Release|Any CPU
		{4B3E4007-3100-43AF-98B2-E9F7BBFB10DD}.Release|Any CPU.Build.0 = Release|Any CPU
		{14C47811-7603-4655-A457-0C985C39D942}.Debug|Any CPU.ActiveCfg = Debug|Any CPU
		{14C47811-7603-4655-A457-0C985C39D942}.Debug|Any CPU.Build.0 = Debug|Any CPU
		{14C47811-7603-4655-A457-0C985C39D942}.Release|Any CPU.ActiveCfg = Release|Any CPU
		{14C47811-7603-4655-A457-0C985C39D942}.Release|Any CPU.Build.0 = Release|Any CPU
		{0574CA0F-8B35-4BBC-9B31-1BD6741E63ED}.Debug|Any CPU.ActiveCfg = Debug|Any CPU
		{0574CA0F-8B35-4BBC-9B31-1BD6741E63ED}.Debug|Any CPU.Build.0 = Debug|Any CPU
		{0574CA0F-8B35-4BBC-9B31-1BD6741E63ED}.Release|Any CPU.ActiveCfg = Release|Any CPU
		{0574CA0F-8B35-4BBC-9B31-1BD6741E63ED}.Release|Any CPU.Build.0 = Release|Any CPU
		{10C2E53C-AEB3-4C1D-B1B2-D46BC2B8ACDF}.Debug|Any CPU.ActiveCfg = Debug|Any CPU
		{10C2E53C-AEB3-4C1D-B1B2-D46BC2B8ACDF}.Debug|Any CPU.Build.0 = Debug|Any CPU
		{10C2E53C-AEB3-4C1D-B1B2-D46BC2B8ACDF}.Release|Any CPU.ActiveCfg = Release|Any CPU
		{10C2E53C-AEB3-4C1D-B1B2-D46BC2B8ACDF}.Release|Any CPU.Build.0 = Release|Any CPU
	EndGlobalSection
EndGlobal
